
Microsoft Visual Studio Solution File, Format Version 12.00
# Visual Studio Version 16
VisualStudioVersion = 16.0.31702.278
MinimumVisualStudioVersion = 10.0.40219.1
Project("{9A19103F-16F7-4668-BE54-9A1E7A4F7556}") = "TourTheWorld", "TourTheWorld\TourTheWorld.csproj", "{BCAA2C6C-4F97-44CB-A271-E42DA14518A9}"
EndProject
Project("{9A19103F-16F7-4668-BE54-9A1E7A4F7556}") = "Bad.Core", "..\Bad.Core\Bad.Core\Bad.Core.csproj", "{820F43CF-2450-4417-8D10-0CA7A118FC0D}"
EndProject
Global
	GlobalSection(SolutionConfigurationPlatforms) = preSolution
		Debug|Any CPU = Debug|Any CPU
		Release|Any CPU = Release|Any CPU
	EndGlobalSection
	GlobalSection(ProjectConfigurationPlatforms) = postSolution
		{BCAA2C6C-4F97-44CB-A271-E42DA14518A9}.Debug|Any CPU.ActiveCfg = Debug|Any CPU
		{BCAA2C6C-4F97-44CB-A271-E42DA14518A9}.Debug|Any CPU.Build.0 = Debug|Any CPU
		{BCAA2C6C-4F97-44CB-A271-E42DA14518A9}.Release|Any CPU.ActiveCfg = Release|Any CPU
		{BCAA2C6C-4F97-44CB-A271-E42DA14518A9}.Release|Any CPU.Build.0 = Release|Any CPU
		{820F43CF-2450-4417-8D10-0CA7A118FC0D}.Debug|Any CPU.ActiveCfg = Debug|Any CPU
		{820F43CF-2450-4417-8D10-0CA7A118FC0D}.Debug|Any CPU.Build.0 = Debug|Any CPU
		{820F43CF-2450-4417-8D10-0CA7A118FC0D}.Release|Any CPU.ActiveCfg = Release|Any CPU
		{820F43CF-2450-4417-8D10-0CA7A118FC0D}.Release|Any CPU.Build.0 = Release|Any CPU
	EndGlobalSection
	GlobalSection(SolutionProperties) = preSolution
		HideSolutionNode = FALSE
	EndGlobalSection
	GlobalSection(ExtensibilityGlobals) = postSolution
		SolutionGuid = {52C881F5-8220-4D92-BF28-9956C79EF0D5}
	EndGlobalSection
EndGlobal
